// !$*UTF8*$!
{
	archiveVersion = 1;
	classes = {
	};
	objectVersion = 46;
	objects = {

/* Begin PBXBuildFile section */
		DC4223631CED96CD00EA679C /* main.m in Sources */ = {isa = PBXBuildFile; fileRef = DC4223621CED96CD00EA679C /* main.m */; };
		DC4223661CED96CD00EA679C /* AppDelegate.m in Sources */ = {isa = PBXBuildFile; fileRef = DC4223651CED96CD00EA679C /* AppDelegate.m */; };
		DC42236C1CED96CD00EA679C /* Main.storyboard in Resources */ = {isa = PBXBuildFile; fileRef = DC42236A1CED96CD00EA679C /* Main.storyboard */; };
		DC42236E1CED96CD00EA679C /* Assets.xcassets in Resources */ = {isa = PBXBuildFile; fileRef = DC42236D1CED96CD00EA679C /* Assets.xcassets */; };
		DC4223711CED96CD00EA679C /* LaunchScreen.storyboard in Resources */ = {isa = PBXBuildFile; fileRef = DC42236F1CED96CD00EA679C /* LaunchScreen.storyboard */; };
		DC42237A1CED975400EA679C /* XBPresentTransition.m in Sources */ = {isa = PBXBuildFile; fileRef = DC4223791CED975400EA679C /* XBPresentTransition.m */; };
		DC42237E1CED99E800EA679C /* CollectionViewController.m in Sources */ = {isa = PBXBuildFile; fileRef = DC42237D1CED99E800EA679C /* CollectionViewController.m */; };
		DC4223801CED9A3700EA679C /* CollectionViewCell.xib in Resources */ = {isa = PBXBuildFile; fileRef = DC42237F1CED9A3700EA679C /* CollectionViewCell.xib */; };
		DC4223841CED9B2D00EA679C /* CollectionViewCell.m in Sources */ = {isa = PBXBuildFile; fileRef = DC4223831CED9B2D00EA679C /* CollectionViewCell.m */; };
		DC42238D1CED9D2D00EA679C /* duorou8.jpg in Resources */ = {isa = PBXBuildFile; fileRef = DC4223851CED9D2D00EA679C /* duorou8.jpg */; };
		DC42238E1CED9D2D00EA679C /* duorou7.jpg in Resources */ = {isa = PBXBuildFile; fileRef = DC4223861CED9D2D00EA679C /* duorou7.jpg */; };
		DC4223901CED9D2D00EA679C /* duorou5.jpg in Resources */ = {isa = PBXBuildFile; fileRef = DC4223881CED9D2D00EA679C /* duorou5.jpg */; };
		DC4223921CED9D2D00EA679C /* duorou3.jpg in Resources */ = {isa = PBXBuildFile; fileRef = DC42238A1CED9D2D00EA679C /* duorou3.jpg */; };
		DC4223931CED9D2D00EA679C /* duorou2.jpg in Resources */ = {isa = PBXBuildFile; fileRef = DC42238B1CED9D2D00EA679C /* duorou2.jpg */; };
		DC4223941CED9D2D00EA679C /* duorou1.jpg in Resources */ = {isa = PBXBuildFile; fileRef = DC42238C1CED9D2D00EA679C /* duorou1.jpg */; };
		DC64C8DD1CEDA31F00929724 /* duorou6.jpg in Resources */ = {isa = PBXBuildFile; fileRef = DC64C8DB1CEDA31F00929724 /* duorou6.jpg */; };
		DC64C8DE1CEDA31F00929724 /* duorou4.jpg in Resources */ = {isa = PBXBuildFile; fileRef = DC64C8DC1CEDA31F00929724 /* duorou4.jpg */; };
		DC64C8E11CEDAAE200929724 /* ViewController.m in Sources */ = {isa = PBXBuildFile; fileRef = DC64C8E01CEDAAE200929724 /* ViewController.m */; };
		DC64C8E31CEEB27100929724 /* gardener.gif in Resources */ = {isa = PBXBuildFile; fileRef = DC64C8E21CEEB27100929724 /* gardener.gif */; };
/* End PBXBuildFile section */

/* Begin PBXFileReference section */
		DC42235E1CED96CD00EA679C /* Gardener.app */ = {isa = PBXFileReference; explicitFileType = wrapper.application; includeInIndex = 0; path = Gardener.app; sourceTree = BUILT_PRODUCTS_DIR; };
		DC4223621CED96CD00EA679C /* main.m */ = {isa = PBXFileReference; lastKnownFileType = sourcecode.c.objc; path = main.m; sourceTree = "<group>"; };
		DC4223641CED96CD00EA679C /* AppDelegate.h */ = {isa = PBXFileReference; lastKnownFileType = sourcecode.c.h; path = AppDelegate.h; sourceTree = "<group>"; };
		DC4223651CED96CD00EA679C /* AppDelegate.m */ = {isa = PBXFileReference; lastKnownFileType = sourcecode.c.objc; path = AppDelegate.m; sourceTree = "<group>"; };
		DC42236B1CED96CD00EA679C /* Base */ = {isa = PBXFileReference; lastKnownFileType = file.storyboard; name = Base; path = Base.lproj/Main.storyboard; sourceTree = "<group>"; };
		DC42236D1CED96CD00EA679C /* Assets.xcassets */ = {isa = PBXFileReference; lastKnownFileType = folder.assetcatalog; path = Assets.xcassets; sourceTree = "<group>"; };
		DC4223701CED96CD00EA679C /* Base */ = {isa = PBXFileReference; lastKnownFileType = file.storyboard; name = Base; path = Base.lproj/LaunchScreen.storyboard; sourceTree = "<group>"; };
		DC4223721CED96CD00EA679C /* Info.plist */ = {isa = PBXFileReference; lastKnownFileType = text.plist.xml; path = Info.plist; sourceTree = "<group>"; };
		DC4223781CED975400EA679C /* XBPresentTransition.h */ = {isa = PBXFileReference; fileEncoding = 4; lastKnownFileType = sourcecode.c.h; path = XBPresentTransition.h; sourceTree = "<group>"; };
		DC4223791CED975400EA679C /* XBPresentTransition.m */ = {isa = PBXFileReference; fileEncoding = 4; lastKnownFileType = sourcecode.c.objc; path = XBPresentTransition.m; sourceTree = "<group>"; };
		DC42237C1CED99E800EA679C /* CollectionViewController.h */ = {isa = PBXFileReference; fileEncoding = 4; lastKnownFileType = sourcecode.c.h; path = CollectionViewController.h; sourceTree = "<group>"; };
		DC42237D1CED99E800EA679C /* CollectionViewController.m */ = {isa = PBXFileReference; fileEncoding = 4; lastKnownFileType = sourcecode.c.objc; path = CollectionViewController.m; sourceTree = "<group>"; };
		DC42237F1CED9A3700EA679C /* CollectionViewCell.xib */ = {isa = PBXFileReference; fileEncoding = 4; lastKnownFileType = file.xib; path = CollectionViewCell.xib; sourceTree = "<group>"; };
		DC4223821CED9B2D00EA679C /* CollectionViewCell.h */ = {isa = PBXFileReference; fileEncoding = 4; lastKnownFileType = sourcecode.c.h; path = CollectionViewCell.h; sourceTree = "<group>"; };
		DC4223831CED9B2D00EA679C /* CollectionViewCell.m */ = {isa = PBXFileReference; fileEncoding = 4; lastKnownFileType = sourcecode.c.objc; path = CollectionViewCell.m; sourceTree = "<group>"; };
		DC4223851CED9D2D00EA679C /* duorou8.jpg */ = {isa = PBXFileReference; lastKnownFileType = image.jpeg; path = duorou8.jpg; sourceTree = "<group>"; };
		DC4223861CED9D2D00EA679C /* duorou7.jpg */ = {isa = PBXFileReference; lastKnownFileType = image.jpeg; path = duorou7.jpg; sourceTree = "<group>"; };
		DC4223881CED9D2D00EA679C /* duorou5.jpg */ = {isa = PBXFileReference; lastKnownFileType = image.jpeg; path = duorou5.jpg; sourceTree = "<group>"; };
		DC42238A1CED9D2D00EA679C /* duorou3.jpg */ = {isa = PBXFileReference; lastKnownFileType = image.jpeg; path = duorou3.jpg; sourceTree = "<group>"; };
		DC42238B1CED9D2D00EA679C /* duorou2.jpg */ = {isa = PBXFileReference; lastKnownFileType = image.jpeg; path = duorou2.jpg; sourceTree = "<group>"; };
		DC42238C1CED9D2D00EA679C /* duorou1.jpg */ = {isa = PBXFileReference; lastKnownFileType = image.jpeg; path = duorou1.jpg; sourceTree = "<group>"; };
		DC64C8DB1CEDA31F00929724 /* duorou6.jpg */ = {isa = PBXFileReference; lastKnownFileType = image.jpeg; path = duorou6.jpg; sourceTree = "<group>"; };
		DC64C8DC1CEDA31F00929724 /* duorou4.jpg */ = {isa = PBXFileReference; lastKnownFileType = image.jpeg; path = duorou4.jpg; sourceTree = "<group>"; };
		DC64C8DF1CEDAAE200929724 /* ViewController.h */ = {isa = PBXFileReference; fileEncoding = 4; lastKnownFileType = sourcecode.c.h; path = ViewController.h; sourceTree = "<group>"; };
		DC64C8E01CEDAAE200929724 /* ViewController.m */ = {isa = PBXFileReference; fileEncoding = 4; lastKnownFileType = sourcecode.c.objc; path = ViewController.m; sourceTree = "<group>"; };
		DC64C8E21CEEB27100929724 /* gardener.gif */ = {isa = PBXFileReference; lastKnownFileType = image.gif; path = gardener.gif; sourceTree = "<group>"; };
/* End PBXFileReference section */

/* Begin PBXFrameworksBuildPhase section */
		DC42235B1CED96CD00EA679C /* Frameworks */ = {
			isa = PBXFrameworksBuildPhase;
			buildActionMask = 2147483647;
			files = (
			);
			runOnlyForDeploymentPostprocessing = 0;
		};
/* End PBXFrameworksBuildPhase section */

/* Begin PBXGroup section */
		DC4223551CED96CC00EA679C = {
			isa = PBXGroup;
			children = (
				DC4223601CED96CD00EA679C /* Gardener */,
				DC42235F1CED96CD00EA679C /* Products */,
			);
			sourceTree = "<group>";
		};
		DC42235F1CED96CD00EA679C /* Products */ = {
			isa = PBXGroup;
			children = (
				DC42235E1CED96CD00EA679C /* Gardener.app */,
			);
			name = Products;
			sourceTree = "<group>";
		};
		DC4223601CED96CD00EA679C /* Gardener */ = {
			isa = PBXGroup;
			children = (
				DC4223811CED9B1900EA679C /* Cell */,
				DC42237B1CED992900EA679C /* XBTransition */,
				DC64C8DF1CEDAAE200929724 /* ViewController.h */,
				DC64C8E01CEDAAE200929724 /* ViewController.m */,
				DC42237C1CED99E800EA679C /* CollectionViewController.h */,
				DC42237D1CED99E800EA679C /* CollectionViewController.m */,
				DC4223641CED96CD00EA679C /* AppDelegate.h */,
				DC4223651CED96CD00EA679C /* AppDelegate.m */,
				DC42236A1CED96CD00EA679C /* Main.storyboard */,
				DC42236D1CED96CD00EA679C /* Assets.xcassets */,
				DC42236F1CED96CD00EA679C /* LaunchScreen.storyboard */,
				DC4223721CED96CD00EA679C /* Info.plist */,
				DC4223611CED96CD00EA679C /* Supporting Files */,
			);
			path = Gardener;
			sourceTree = "<group>";
		};
		DC4223611CED96CD00EA679C /* Supporting Files */ = {
			isa = PBXGroup;
			children = (
				DC4223951CED9D3300EA679C /* Resource */,
				DC4223621CED96CD00EA679C /* main.m */,
			);
			name = "Supporting Files";
			sourceTree = "<group>";
		};
		DC42237B1CED992900EA679C /* XBTransition */ = {
			isa = PBXGroup;
			children = (
				DC4223781CED975400EA679C /* XBPresentTransition.h */,
				DC4223791CED975400EA679C /* XBPresentTransition.m */,
			);
			name = XBTransition;
			sourceTree = "<group>";
		};
		DC4223811CED9B1900EA679C /* Cell */ = {
			isa = PBXGroup;
			children = (
				DC42237F1CED9A3700EA679C /* CollectionViewCell.xib */,
				DC4223821CED9B2D00EA679C /* CollectionViewCell.h */,
				DC4223831CED9B2D00EA679C /* CollectionViewCell.m */,
			);
			name = Cell;
			sourceTree = "<group>";
		};
		DC4223951CED9D3300EA679C /* Resource */ = {
			isa = PBXGroup;
			children = (
				DC64C8E21CEEB27100929724 /* gardener.gif */,
				DC64C8DB1CEDA31F00929724 /* duorou6.jpg */,
				DC64C8DC1CEDA31F00929724 /* duorou4.jpg */,
				DC4223851CED9D2D00EA679C /* duorou8.jpg */,
				DC4223861CED9D2D00EA679C /* duorou7.jpg */,
				DC4223881CED9D2D00EA679C /* duorou5.jpg */,
				DC42238A1CED9D2D00EA679C /* duorou3.jpg */,
				DC42238B1CED9D2D00EA679C /* duorou2.jpg */,
				DC42238C1CED9D2D00EA679C /* duorou1.jpg */,
			);
			name = Resource;
			sourceTree = "<group>";
		};
/* End PBXGroup section */

/* Begin PBXNativeTarget section */
		DC42235D1CED96CD00EA679C /* Gardener */ = {
			isa = PBXNativeTarget;
			buildConfigurationList = DC4223751CED96CD00EA679C /* Build configuration list for PBXNativeTarget "Gardener" */;
			buildPhases = (
				DC42235A1CED96CD00EA679C /* Sources */,
				DC42235B1CED96CD00EA679C /* Frameworks */,
				DC42235C1CED96CD00EA679C /* Resources */,
			);
			buildRules = (
			);
			dependencies = (
			);
			name = Gardener;
			productName = Gardener;
			productReference = DC42235E1CED96CD00EA679C /* Gardener.app */;
			productType = "com.apple.product-type.application";
		};
/* End PBXNativeTarget section */

/* Begin PBXProject section */
		DC4223561CED96CD00EA679C /* Project object */ = {
			isa = PBXProject;
			attributes = {
				LastUpgradeCheck = 0730;
				ORGANIZATIONNAME = coder;
				TargetAttributes = {
					DC42235D1CED96CD00EA679C = {
						CreatedOnToolsVersion = 7.3;
					};
				};
			};
			buildConfigurationList = DC4223591CED96CD00EA679C /* Build configuration list for PBXProject "Gardener" */;
			compatibilityVersion = "Xcode 3.2";
			developmentRegion = English;
			hasScannedForEncodings = 0;
			knownRegions = (
				en,
				Base,
			);
			mainGroup = DC4223551CED96CC00EA679C;
			productRefGroup = DC42235F1CED96CD00EA679C /* Products */;
			projectDirPath = "";
			projectRoot = "";
			targets = (
				DC42235D1CED96CD00EA679C /* Gardener */,
			);
		};
/* End PBXProject section */

/* Begin PBXResourcesBuildPhase section */
		DC42235C1CED96CD00EA679C /* Resources */ = {
			isa = PBXResourcesBuildPhase;
			buildActionMask = 2147483647;
			files = (
				DC42238D1CED9D2D00EA679C /* duorou8.jpg in Resources */,
				DC4223941CED9D2D00EA679C /* duorou1.jpg in Resources */,
				DC4223931CED9D2D00EA679C /* duorou2.jpg in Resources */,
				DC42238E1CED9D2D00EA679C /* duorou7.jpg in Resources */,
				DC64C8DE1CEDA31F00929724 /* duorou4.jpg in Resources */,
				DC64C8DD1CEDA31F00929724 /* duorou6.jpg in Resources */,
				DC4223711CED96CD00EA679C /* LaunchScreen.storyboard in Resources */,
				DC4223921CED9D2D00EA679C /* duorou3.jpg in Resources */,
				DC64C8E31CEEB27100929724 /* gardener.gif in Resources */,
				DC42236E1CED96CD00EA679C /* Assets.xcassets in Resources */,
				DC4223901CED9D2D00EA679C /* duorou5.jpg in Resources */,
				DC4223801CED9A3700EA679C /* CollectionViewCell.xib in Resources */,
				DC42236C1CED96CD00EA679C /* Main.storyboard in Resources */,
			);
			runOnlyForDeploymentPostprocessing = 0;
		};
/* End PBXResourcesBuildPhase section */

/* Begin PBXSourcesBuildPhase section */
		DC42235A1CED96CD00EA679C /* Sources */ = {
			isa = PBXSourcesBuildPhase;
			buildActionMask = 2147483647;
			files = (
				DC64C8E11CEDAAE200929724 /* ViewController.m in Sources */,
				DC42237E1CED99E800EA679C /* CollectionViewController.m in Sources */,
				DC4223841CED9B2D00EA679C /* CollectionViewCell.m in Sources */,
				DC4223661CED96CD00EA679C /* AppDelegate.m in Sources */,
				DC42237A1CED975400EA679C /* XBPresentTransition.m in Sources */,
				DC4223631CED96CD00EA679C /* main.m in Sources */,
			);
			runOnlyForDeploymentPostprocessing = 0;
		};
/* End PBXSourcesBuildPhase section */

/* Begin PBXVariantGroup section */
		DC42236A1CED96CD00EA679C /* Main.storyboard */ = {
			isa = PBXVariantGroup;
			children = (
				DC42236B1CED96CD00EA679C /* Base */,
			);
			name = Main.storyboard;
			sourceTree = "<group>";
		};
		DC42236F1CED96CD00EA679C /* LaunchScreen.storyboard */ = {
			isa = PBXVariantGroup;
			children = (
				DC4223701CED96CD00EA679C /* Base */,
			);
			name = LaunchScreen.storyboard;
			sourceTree = "<group>";
		};
/* End PBXVariantGroup section */

/* Begin XCBuildConfiguration section */
		DC4223731CED96CD00EA679C /* Debug */ = {
			isa = XCBuildConfiguration;
			buildSettings = {
				ALWAYS_SEARCH_USER_PATHS = NO;
				CLANG_ANALYZER_NONNULL = YES;
				CLANG_CXX_LANGUAGE_STANDARD = "gnu++0x";
				CLANG_CXX_LIBRARY = "libc++";
				CLANG_ENABLE_MODULES = YES;
				CLANG_ENABLE_OBJC_ARC = YES;
				CLANG_WARN_BOOL_CONVERSION = YES;
				CLANG_WARN_CONSTANT_CONVERSION = YES;
				CLANG_WARN_DIRECT_OBJC_ISA_USAGE = YES_ERROR;
				CLANG_WARN_EMPTY_BODY = YES;
				CLANG_WARN_ENUM_CONVERSION = YES;
				CLANG_WARN_INT_CONVERSION = YES;
				CLANG_WARN_OBJC_ROOT_CLASS = YES_ERROR;
				CLANG_WARN_UNREACHABLE_CODE = YES;
				CLANG_WARN__DUPLICATE_METHOD_MATCH = YES;
				"CODE_SIGN_IDENTITY[sdk=iphoneos*]" = "iPhone Developer";
				COPY_PHASE_STRIP = NO;
				DEBUG_INFORMATION_FORMAT = dwarf;
				ENABLE_STRICT_OBJC_MSGSEND = YES;
				ENABLE_TESTABILITY = YES;
				GCC_C_LANGUAGE_STANDARD = gnu99;
				GCC_DYNAMIC_NO_PIC = NO;
				GCC_NO_COMMON_BLOCKS = YES;
				GCC_OPTIMIZATION_LEVEL = 0;
				GCC_PREPROCESSOR_DEFINITIONS = (
					"DEBUG=1",
					"$(inherited)",
				);
				GCC_WARN_64_TO_32_BIT_CONVERSION = YES;
				GCC_WARN_ABOUT_RETURN_TYPE = YES_ERROR;
				GCC_WARN_UNDECLARED_SELECTOR = YES;
				GCC_WARN_UNINITIALIZED_AUTOS = YES_AGGRESSIVE;
				GCC_WARN_UNUSED_FUNCTION = YES;
				GCC_WARN_UNUSED_VARIABLE = YES;
				IPHONEOS_DEPLOYMENT_TARGET = 9.3;
				MTL_ENABLE_DEBUG_INFO = YES;
				ONLY_ACTIVE_ARCH = YES;
				SDKROOT = iphoneos;
			};
			name = Debug;
		};
		DC4223741CED96CD00EA679C /* Release */ = {
			isa = XCBuildConfiguration;
			buildSettings = {
				ALWAYS_SEARCH_USER_PATHS = NO;
				CLANG_ANALYZER_NONNULL = YES;
				CLANG_CXX_LANGUAGE_STANDARD = "gnu++0x";
				CLANG_CXX_LIBRARY = "libc++";
				CLANG_ENABLE_MODULES = YES;
				CLANG_ENABLE_OBJC_ARC = YES;
				CLANG_WARN_BOOL_CONVERSION = YES;
				CLANG_WARN_CONSTANT_CONVERSION = YES;
				CLANG_WARN_DIRECT_OBJC_ISA_USAGE = YES_ERROR;
				CLANG_WARN_EMPTY_BODY = YES;
				CLANG_WARN_ENUM_CONVERSION = YES;
				CLANG_WARN_INT_CONVERSION = YES;
				CLANG_WARN_OBJC_ROOT_CLASS = YES_ERROR;
				CLANG_WARN_UNREACHABLE_CODE = YES;
				CLANG_WARN__DUPLICATE_METHOD_MATCH = YES;
				"CODE_SIGN_IDENTITY[sdk=iphoneos*]" = "iPhone Developer";
				COPY_PHASE_STRIP = NO;
				DEBUG_INFORMATION_FORMAT = "dwarf-with-dsym";
				ENABLE_NS_ASSERTIONS = NO;
				ENABLE_STRICT_OBJC_MSGSEND = YES;
				GCC_C_LANGUAGE_STANDARD = gnu99;
				GCC_NO_COMMON_BLOCKS = YES;
				GCC_WARN_64_TO_32_BIT_CONVERSION = YES;
				GCC_WARN_ABOUT_RETURN_TYPE = YES_ERROR;
				GCC_WARN_UNDECLARED_SELECTOR = YES;
				GCC_WARN_UNINITIALIZED_AUTOS = YES_AGGRESSIVE;
				GCC_WARN_UNUSED_FUNCTION = YES;
				GCC_WARN_UNUSED_VARIABLE = YES;
				IPHONEOS_DEPLOYMENT_TARGET = 9.3;
				MTL_ENABLE_DEBUG_INFO = NO;
				SDKROOT = iphoneos;
				VALIDATE_PRODUCT = YES;
			};
			name = Release;
		};
		DC4223761CED96CD00EA679C /* Debug */ = {
			isa = XCBuildConfiguration;
			buildSettings = {
				ASSETCATALOG_COMPILER_APPICON_NAME = AppIcon;
				INFOPLIST_FILE = Gardener/Info.plist;
				LD_RUNPATH_SEARCH_PATHS = "$(inherited) @executable_path/Frameworks";
				PRODUCT_BUNDLE_IDENTIFIER = com.vbuy.penyou;
				PRODUCT_NAME = "$(TARGET_NAME)";
			};
			name = Debug;
		};
		DC4223771CED96CD00EA679C /* Release */ = {
			isa = XCBuildConfiguration;
			buildSettings = {
				ASSETCATALOG_COMPILER_APPICON_NAME = AppIcon;
				INFOPLIST_FILE = Gardener/Info.plist;
				LD_RUNPATH_SEARCH_PATHS = "$(inherited) @executable_path/Frameworks";
				PRODUCT_BUNDLE_IDENTIFIER = com.vbuy.penyou;
				PRODUCT_NAME = "$(TARGET_NAME)";
			};
			name = Release;
		};
/* End XCBuildConfiguration section */

/* Begin XCConfigurationList section */
		DC4223591CED96CD00EA679C /* Build configuration list for PBXProject "Gardener" */ = {
			isa = XCConfigurationList;
			buildConfigurations = (
				DC4223731CED96CD00EA679C /* Debug */,
				DC4223741CED96CD00EA679C /* Release */,
			);
			defaultConfigurationIsVisible = 0;
			defaultConfigurationName = Release;
		};
		DC4223751CED96CD00EA679C /* Build configuration list for PBXNativeTarget "Gardener" */ = {
			isa = XCConfigurationList;
			buildConfigurations = (
				DC4223761CED96CD00EA679C /* Debug */,
				DC4223771CED96CD00EA679C /* Release */,
			);
			defaultConfigurationIsVisible = 0;
			defaultConfigurationName = Release;
		};
/* End XCConfigurationList section */
	};
	rootObject = DC4223561CED96CD00EA679C /* Project object */;
}
